
Microsoft Visual Studio Solution File, Format Version 12.00
# Visual Studio Version 17
VisualStudioVersion = 17.3.32819.101
MinimumVisualStudioVersion = 10.0.40219.1
Project("{9A19103F-16F7-4668-BE54-9A1E7A4F7556}") = "Api", "ProductScrapper\Api.csproj", "{491315B6-EE36-41C5-8D0D-3C9D89EC91D9}"
EndProject
Project("{9A19103F-16F7-4668-BE54-9A1E7A4F7556}") = "Scrapper", "Scrapper\Scrapper.csproj", "{B628B78A-4ADB-4340-B91A-BF19F8158676}"
EndProject
Project("{2150E333-8FDC-42A3-9474-1A3956D46DE8}") = "Db", "Db", "{B4B18574-4C53-4B6F-853F-6BF7EC9E3013}"
EndProject
Project("{2150E333-8FDC-42A3-9474-1A3956D46DE8}") = "postgres", "postgres", "{C132BC46-DA34-48C3-98E8-65ED491659BE}"
	ProjectSection(SolutionItems) = preProject
		Db\postgres\createdb.sql = Db\postgres\createdb.sql
		Db\postgres\Dockerfile = Db\postgres\Dockerfile
	EndProjectSection
EndProject
Project("{2150E333-8FDC-42A3-9474-1A3956D46DE8}") = "mssql", "mssql", "{910034BA-CEDF-49E8-AA02-09EBB1B7FFDC}"
	ProjectSection(SolutionItems) = preProject
		Db\mssql\createdb.sql = Db\mssql\createdb.sql
		Db\mssql\Dockerfile = Db\mssql\Dockerfile
	EndProjectSection
EndProject
Project("{6EC3EE1D-3C4E-46DD-8F32-0CC8E7565705}") = "UnitTests", "UnitTests\UnitTests.fsproj", "{9012AA22-10CC-4183-9E9C-F79FB6CE6717}"
EndProject
Project("{9A19103F-16F7-4668-BE54-9A1E7A4F7556}") = "Lib", "Lib\Lib.csproj", "{65266721-4A65-4742-B55B-66898D569C18}"
EndProject
Global
	GlobalSection(SolutionConfigurationPlatforms) = preSolution
		Debug|Any CPU = Debug|Any CPU
		Release|Any CPU = Release|Any CPU
	EndGlobalSection
	GlobalSection(ProjectConfigurationPlatforms) = postSolution
		{491315B6-EE36-41C5-8D0D-3C9D89EC91D9}.Debug|Any CPU.ActiveCfg = Debug|Any CPU
		{491315B6-EE36-41C5-8D0D-3C9D89EC91D9}.Debug|Any CPU.Build.0 = Debug|Any CPU
		{491315B6-EE36-41C5-8D0D-3C9D89EC91D9}.Release|Any CPU.ActiveCfg = Release|Any CPU
		{491315B6-EE36-41C5-8D0D-3C9D89EC91D9}.Release|Any CPU.Build.0 = Release|Any CPU
		{B628B78A-4ADB-4340-B91A-BF19F8158676}.Debug|Any CPU.ActiveCfg = Debug|Any CPU
		{B628B78A-4ADB-4340-B91A-BF19F8158676}.Debug|Any CPU.Build.0 = Debug|Any CPU
		{B628B78A-4ADB-4340-B91A-BF19F8158676}.Release|Any CPU.ActiveCfg = Release|Any CPU
		{B628B78A-4ADB-4340-B91A-BF19F8158676}.Release|Any CPU.Build.0 = Release|Any CPU
		{9012AA22-10CC-4183-9E9C-F79FB6CE6717}.Debug|Any CPU.ActiveCfg = Debug|Any CPU
		{9012AA22-10CC-4183-9E9C-F79FB6CE6717}.Debug|Any CPU.Build.0 = Debug|Any CPU
		{9012AA22-10CC-4183-9E9C-F79FB6CE6717}.Release|Any CPU.ActiveCfg = Release|Any CPU
		{9012AA22-10CC-4183-9E9C-F79FB6CE6717}.Release|Any CPU.Build.0 = Release|Any CPU
		{65266721-4A65-4742-B55B-66898D569C18}.Debug|Any CPU.ActiveCfg = Debug|Any CPU
		{65266721-4A65-4742-B55B-66898D569C18}.Debug|Any CPU.Build.0 = Debug|Any CPU
		{65266721-4A65-4742-B55B-66898D569C18}.Release|Any CPU.ActiveCfg = Release|Any CPU
		{65266721-4A65-4742-B55B-66898D569C18}.Release|Any CPU.Build.0 = Release|Any CPU
	EndGlobalSection
	GlobalSection(SolutionProperties) = preSolution
		HideSolutionNode = FALSE
	EndGlobalSection
	GlobalSection(NestedProjects) = preSolution
		{C132BC46-DA34-48C3-98E8-65ED491659BE} = {B4B18574-4C53-4B6F-853F-6BF7EC9E3013}
		{910034BA-CEDF-49E8-AA02-09EBB1B7FFDC} = {B4B18574-4C53-4B6F-853F-6BF7EC9E3013}
	EndGlobalSection
	GlobalSection(ExtensibilityGlobals) = postSolution
		SolutionGuid = {B668C20A-D3F1-48FB-A96F-CD7CE174DDA7}
	EndGlobalSection
EndGlobal
